
Microsoft Visual Studio Solution File, Format Version 12.00
# Visual Studio Version 18
VisualStudioVersion = 18.5.11723.231 stable
MinimumVisualStudioVersion = 10.0.40219.1
Project("{FAE04EC0-301F-11D3-BF4B-00C04F79EFBC}") = "semana4-1", "semana4-1.csproj", "{698F7EA2-53E2-45ED-B95A-0C69DA853529}"
EndProject
Global
	GlobalSection(SolutionConfigurationPlatforms) = preSolution
		Debug|Any CPU = Debug|Any CPU
		Release|Any CPU = Release|Any CPU
	EndGlobalSection
	GlobalSection(ProjectConfigurationPlatforms) = postSolution
		{698F7EA2-53E2-45ED-B95A-0C69DA853529}.Debug|Any CPU.ActiveCfg = Debug|Any CPU
		{698F7EA2-53E2-45ED-B95A-0C69DA853529}.Debug|Any CPU.Build.0 = Debug|Any CPU
		{698F7EA2-53E2-45ED-B95A-0C69DA853529}.Release|Any CPU.ActiveCfg = Release|Any CPU
		{698F7EA2-53E2-45ED-B95A-0C69DA853529}.Release|Any CPU.Build.0 = Release|Any CPU
	EndGlobalSection
	GlobalSection(SolutionProperties) = preSolution
		HideSolutionNode = FALSE
	EndGlobalSection
	GlobalSection(ExtensibilityGlobals) = postSolution
		SolutionGuid = {E2EBEF50-00D4-46D4-A6DD-CB1CB3083633}
	EndGlobalSection
EndGlobal
